
Microsoft Visual Studio Solution File, Format Version 12.00
# Visual Studio Version 17
VisualStudioVersion = 17.7.34031.279
MinimumVisualStudioVersion = 10.0.40219.1
Project("{FAE04EC0-301F-11D3-BF4B-00C04F79EFBC}") = "genericclass", "genericclass\genericclass.csproj", "{022525EE-C674-47E7-AF90-55FCE79C9E44}"
EndProject
Global
	GlobalSection(SolutionConfigurationPlatforms) = preSolution
		Debug|Any CPU = Debug|Any CPU
		Release|Any CPU = Release|Any CPU
	EndGlobalSection
	GlobalSection(ProjectConfigurationPlatforms) = postSolution
		{022525EE-C674-47E7-AF90-55FCE79C9E44}.Debug|Any CPU.ActiveCfg = Debug|Any CPU
		{022525EE-C674-47E7-AF90-55FCE79C9E44}.Debug|Any CPU.Build.0 = Debug|Any CPU
		{022525EE-C674-47E7-AF90-55FCE79C9E44}.Release|Any CPU.ActiveCfg = Release|Any CPU
		{022525EE-C674-47E7-AF90-55FCE79C9E44}.Release|Any CPU.Build.0 = Release|Any CPU
	EndGlobalSection
	GlobalSection(SolutionProperties) = preSolution
		HideSolutionNode = FALSE
	EndGlobalSection
	GlobalSection(ExtensibilityGlobals) = postSolution
		SolutionGuid = {19C4A5D1-E4F1-4043-9D78-B41F3E22A4F2}
	EndGlobalSection
EndGlobal
